
Microsoft Visual Studio Solution File, Format Version 12.00
# Visual Studio Version 17
VisualStudioVersion = 17.6.33815.320
MinimumVisualStudioVersion = 10.0.40219.1
Project("{FAE04EC0-301F-11D3-BF4B-00C04F79EFBC}") = "GTR_Assignment", "GTR_Assignment\GTR_Assignment.csproj", "{A9E4AD6C-786D-425F-81E7-593A0F70C1CD}"
EndProject
Global
	GlobalSection(SolutionConfigurationPlatforms) = preSolution
		Debug|Any CPU = Debug|Any CPU
		Release|Any CPU = Release|Any CPU
	EndGlobalSection
	GlobalSection(ProjectConfigurationPlatforms) = postSolution
		{A9E4AD6C-786D-425F-81E7-593A0F70C1CD}.Debug|Any CPU.ActiveCfg = Debug|Any CPU
		{A9E4AD6C-786D-425F-81E7-593A0F70C1CD}.Debug|Any CPU.Build.0 = Debug|Any CPU
		{A9E4AD6C-786D-425F-81E7-593A0F70C1CD}.Release|Any CPU.ActiveCfg = Release|Any CPU
		{A9E4AD6C-786D-425F-81E7-593A0F70C1CD}.Release|Any CPU.Build.0 = Release|Any CPU
	EndGlobalSection
	GlobalSection(SolutionProperties) = preSolution
		HideSolutionNode = FALSE
	EndGlobalSection
	GlobalSection(ExtensibilityGlobals) = postSolution
		SolutionGuid = {482DAF38-74E6-4860-A3F5-DFC068AB949A}
	EndGlobalSection
EndGlobal
